
Microsoft Visual Studio Solution File, Format Version 12.00
# Visual Studio Version 17
VisualStudioVersion = 17.13.35931.197 d17.13
MinimumVisualStudioVersion = 10.0.40219.1
Project("{FAE04EC0-301F-11D3-BF4B-00C04F79EFBC}") = "Our.UDUF.StopIt", "Our.UDUF.StopIt\Our.UDUF.StopIt.csproj", "{F441F9CC-9FAD-4889-9CD9-91D4EEF9C2CE}"
EndProject
Global
	GlobalSection(SolutionConfigurationPlatforms) = preSolution
		Debug|Any CPU = Debug|Any CPU
		Release|Any CPU = Release|Any CPU
	EndGlobalSection
	GlobalSection(ProjectConfigurationPlatforms) = postSolution
		{F441F9CC-9FAD-4889-9CD9-91D4EEF9C2CE}.Debug|Any CPU.ActiveCfg = Debug|Any CPU
		{F441F9CC-9FAD-4889-9CD9-91D4EEF9C2CE}.Debug|Any CPU.Build.0 = Debug|Any CPU
		{F441F9CC-9FAD-4889-9CD9-91D4EEF9C2CE}.Release|Any CPU.ActiveCfg = Release|Any CPU
		{F441F9CC-9FAD-4889-9CD9-91D4EEF9C2CE}.Release|Any CPU.Build.0 = Release|Any CPU
	EndGlobalSection
	GlobalSection(SolutionProperties) = preSolution
		HideSolutionNode = FALSE
	EndGlobalSection
	GlobalSection(ExtensibilityGlobals) = postSolution
		SolutionGuid = {4642A9C0-E1D0-495B-883F-404102A9077A}
	EndGlobalSection
EndGlobal
